PODS:
  - Kiwi (2.4.0)
  - YPNavigationBarTransition (2.0.3)

DEPENDENCIES:
  - Kiwi
  - YPNavigationBarTransition (from `./YPNavigationBarTransition.podspec`)

EXTERNAL SOURCES:
  YPNavigationBarTransition:
    :path: ./YPNavigationBarTransition.podspec

SPEC CHECKSUMS:
  Kiwi: f49c9d54b28917df5928fe44968a39ed198cb8a8
  YPNavigationBarTransition: bc8ae8a9b2f738900ef91b6811bc381f4effdca8

PODFILE CHECKSUM: 0b1b3acd282863f54eb028e93ae136e14eeb6b09

COCOAPODS: 1.3.1
