PODS:
  - Kiwi (2.4.0)
  - YPNavigationBarTransition (2.0.3)

DEPENDENCIES:
  - Kiwi
  - YPNavigationBarTransition (from `./YPNavigationBarTransition.podspec`)

SPEC REPOS:
  https://github.com/CocoaPods/Specs.git:
    - Kiwi

EXTERNAL SOURCES:
  YPNavigationBarTransition:
    :path: "./YPNavigationBarTransition.podspec"

SPEC CHECKSUMS:
  Kiwi: f49c9d54b28917df5928fe44968a39ed198cb8a8
  YPNavigationBarTransition: 4460835f31c91ac8715b105942f4ca01223acea3

PODFILE CHECKSUM: 0b1b3acd282863f54eb028e93ae136e14eeb6b09

COCOAPODS: 1.5.0
