PODS:
  - YPNavigationBarTransition (2.0.6)

DEPENDENCIES:
  - YPNavigationBarTransition (from `../../YPNavigationBarTransition.podspec`)

EXTERNAL SOURCES:
  YPNavigationBarTransition:
    :path: "../../YPNavigationBarTransition.podspec"

SPEC CHECKSUMS:
  YPNavigationBarTransition: 0d90962077b6b737e9fae080686af23f048f5d41

PODFILE CHECKSUM: 69c4ffe249ac62559c7e1e17dca8a825dbf16040

COCOAPODS: 1.5.0
