PODS:
  - YPNavigationBarTransition (2.0.9)

DEPENDENCIES:
  - YPNavigationBarTransition (from `../../YPNavigationBarTransition.podspec`)

EXTERNAL SOURCES:
  YPNavigationBarTransition:
    :path: "../../YPNavigationBarTransition.podspec"

SPEC CHECKSUMS:
  YPNavigationBarTransition: 8507462c2b2b2ec088fff0f1db6da4ce96e6f7d0

PODFILE CHECKSUM: 69c4ffe249ac62559c7e1e17dca8a825dbf16040

COCOAPODS: 1.5.3
